
Microsoft Visual Studio Solution File, Format Version 12.00
# Visual Studio Version 17
VisualStudioVersion = 17.10.35122.118
MinimumVisualStudioVersion = 10.0.40219.1
Project("{FAE04EC0-301F-11D3-BF4B-00C04F79EFBC}") = "adeleg", "adeleg.csproj", "{034D6EE3-81C3-4115-97D0-9F24A0B93F6E}"
EndProject
Global
	GlobalSection(SolutionConfigurationPlatforms) = preSolution
		Debug|Any CPU = Debug|Any CPU
		Release|Any CPU = Release|Any CPU
	EndGlobalSection
	GlobalSection(ProjectConfigurationPlatforms) = postSolution
		{034D6EE3-81C3-4115-97D0-9F24A0B93F6E}.Debug|Any CPU.ActiveCfg = Debug|Any CPU
		{034D6EE3-81C3-4115-97D0-9F24A0B93F6E}.Debug|Any CPU.Build.0 = Debug|Any CPU
		{034D6EE3-81C3-4115-97D0-9F24A0B93F6E}.Release|Any CPU.ActiveCfg = Release|Any CPU
		{034D6EE3-81C3-4115-97D0-9F24A0B93F6E}.Release|Any CPU.Build.0 = Release|Any CPU
	EndGlobalSection
	GlobalSection(SolutionProperties) = preSolution
		HideSolutionNode = FALSE
	EndGlobalSection
	GlobalSection(ExtensibilityGlobals) = postSolution
		SolutionGuid = {F905961E-26C4-4F52-A21B-4CBC0C94F343}
	EndGlobalSection
EndGlobal
